
Microsoft Visual Studio Solution File, Format Version 12.00
# Visual Studio Version 17
VisualStudioVersion = 17.0.31903.59
MinimumVisualStudioVersion = 10.0.40219.1
Project("{FAE04EC0-301F-11D3-BF4B-00C04F79EFBC}") = "MSTest.Library", "MSTest.Library\MSTest.Library.csproj", "{27E090FB-13F2-4AAD-A098-DAB73ABB6366}"
EndProject
Project("{FAE04EC0-301F-11D3-BF4B-00C04F79EFBC}") = "NUnit.Library", "NUnit.Library\NUnit.Library.csproj", "{A3938869-73A1-49D3-A46F-23269744C303}"
EndProject
Project("{FAE04EC0-301F-11D3-BF4B-00C04F79EFBC}") = "xUnit.Library", "xUnit.Library\xUnit.Library.csproj", "{D5E96729-6DC7-42E2-8EB5-6D5B5480014A}"
EndProject
Global
	GlobalSection(SolutionConfigurationPlatforms) = preSolution
		Debug|Any CPU = Debug|Any CPU
		Release|Any CPU = Release|Any CPU
	EndGlobalSection
	GlobalSection(ProjectConfigurationPlatforms) = postSolution
		{27E090FB-13F2-4AAD-A098-DAB73ABB6366}.Debug|Any CPU.ActiveCfg = Debug|Any CPU
		{27E090FB-13F2-4AAD-A098-DAB73ABB6366}.Debug|Any CPU.Build.0 = Debug|Any CPU
		{27E090FB-13F2-4AAD-A098-DAB73ABB6366}.Release|Any CPU.ActiveCfg = Release|Any CPU
		{27E090FB-13F2-4AAD-A098-DAB73ABB6366}.Release|Any CPU.Build.0 = Release|Any CPU
		{A3938869-73A1-49D3-A46F-23269744C303}.Debug|Any CPU.ActiveCfg = Debug|Any CPU
		{A3938869-73A1-49D3-A46F-23269744C303}.Debug|Any CPU.Build.0 = Debug|Any CPU
		{A3938869-73A1-49D3-A46F-23269744C303}.Release|Any CPU.ActiveCfg = Release|Any CPU
		{A3938869-73A1-49D3-A46F-23269744C303}.Release|Any CPU.Build.0 = Release|Any CPU
		{D5E96729-6DC7-42E2-8EB5-6D5B5480014A}.Debug|Any CPU.ActiveCfg = Debug|Any CPU
		{D5E96729-6DC7-42E2-8EB5-6D5B5480014A}.Debug|Any CPU.Build.0 = Debug|Any CPU
		{D5E96729-6DC7-42E2-8EB5-6D5B5480014A}.Release|Any CPU.ActiveCfg = Release|Any CPU
		{D5E96729-6DC7-42E2-8EB5-6D5B5480014A}.Release|Any CPU.Build.0 = Release|Any CPU
	EndGlobalSection
	GlobalSection(SolutionProperties) = preSolution
		HideSolutionNode = FALSE
	EndGlobalSection
	GlobalSection(ExtensibilityGlobals) = postSolution
		SolutionGuid = {F6F68AFD-571B-4980-94F4-A6FE7FF46156}
	EndGlobalSection
EndGlobal
